
Microsoft Visual Studio Solution File, Format Version 12.00
# Visual Studio Version 17
VisualStudioVersion = 17.6.33723.286
MinimumVisualStudioVersion = 10.0.40219.1
Project("{2150E333-8FDC-42A3-9474-1A3956D46DE8}") = "BookingService", "BookingService", "{8E166561-5EF3-41F0-A70E-E073BC205072}"
EndProject
Project("{2150E333-8FDC-42A3-9474-1A3956D46DE8}") = "PaymentService", "PaymentService", "{B6BA65A8-5703-421B-AF6E-7697F80900A9}"
EndProject
Project("{2150E333-8FDC-42A3-9474-1A3956D46DE8}") = "Core", "Core", "{B7942AFC-02B8-4303-B26C-6BA24290D65D}"
EndProject
Project("{2150E333-8FDC-42A3-9474-1A3956D46DE8}") = "Domain", "Domain", "{06D11CF5-53B9-4B30-BDCB-0B0D946E180B}"
EndProject
Project("{2150E333-8FDC-42A3-9474-1A3956D46DE8}") = "Application", "Application", "{96CE09C7-5D8D-44F5-BC73-676F4D0C7E3A}"
EndProject
Project("{2150E333-8FDC-42A3-9474-1A3956D46DE8}") = "Adapters", "Adapters", "{82766021-C673-4CC6-9B2C-1B725F77A4CA}"
EndProject
Project("{2150E333-8FDC-42A3-9474-1A3956D46DE8}") = "Consumers", "Consumers", "{5F5F2B35-9ED5-410F-83CA-E56ABE4E95E8}"
EndProject
Project("{2150E333-8FDC-42A3-9474-1A3956D46DE8}") = "Tests", "Tests", "{EEDC5042-C919-4E9D-93F5-8D9AC1ADFEC7}"
EndProject
Project("{2150E333-8FDC-42A3-9474-1A3956D46DE8}") = "Domain", "Domain", "{26F0AAF9-2EFD-40C0-9A14-230A7AEF464C}"
EndProject
Project("{2150E333-8FDC-42A3-9474-1A3956D46DE8}") = "Application", "Application", "{3AB75EEE-0834-4036-99B2-59F7D5353250}"
EndProject
Project("{2150E333-8FDC-42A3-9474-1A3956D46DE8}") = "Adapters", "Adapters", "{02B3AB69-C6B1-4D7D-A33B-A5CAA69450EC}"
EndProject
Project("{9A19103F-16F7-4668-BE54-9A1E7A4F7556}") = "ApplicationTests", "BookingService\Tests\ApplicationTests\ApplicationTests.csproj", "{031AA6D7-1222-4A2F-B39C-608572FAE4AC}"
EndProject
Project("{9A19103F-16F7-4668-BE54-9A1E7A4F7556}") = "DomainTests", "BookingService\Tests\DomainTests\DomainTests.csproj", "{48671462-601C-4974-91C9-13ACE2F75FE2}"
EndProject
Project("{9A19103F-16F7-4668-BE54-9A1E7A4F7556}") = "AdaptersTests", "BookingService\Tests\AdaptersTests\AdaptersTests.csproj", "{AEDDBC8D-B00E-4703-87B0-0AE628C26054}"
EndProject
Project("{9A19103F-16F7-4668-BE54-9A1E7A4F7556}") = "API", "BookingService\Consumers\API\API.csproj", "{9937DFCE-0B64-4E6C-A45C-A33DC2EF3198}"
EndProject
Project("{9A19103F-16F7-4668-BE54-9A1E7A4F7556}") = "Adapters.Data", "BookingService\Adapters\Adapters.Data\Adapters.Data.csproj", "{3F0C6198-7AE6-488F-8BF9-45376691F924}"
EndProject
Project("{9A19103F-16F7-4668-BE54-9A1E7A4F7556}") = "Application", "BookingService\Core\Application\Application.csproj", "{AB535BCC-9C5A-4A83-AC79-E64E3D773F8D}"
EndProject
Project("{9A19103F-16F7-4668-BE54-9A1E7A4F7556}") = "Domain", "BookingService\Core\Domain\Domain.csproj", "{B18A957B-650E-42C3-BFA5-ED4A81E02BB0}"
EndProject
Global
	GlobalSection(SolutionConfigurationPlatforms) = preSolution
		Debug|Any CPU = Debug|Any CPU
		Release|Any CPU = Release|Any CPU
	EndGlobalSection
	GlobalSection(ProjectConfigurationPlatforms) = postSolution
		{031AA6D7-1222-4A2F-B39C-608572FAE4AC}.Debug|Any CPU.ActiveCfg = Debug|Any CPU
		{031AA6D7-1222-4A2F-B39C-608572FAE4AC}.Debug|Any CPU.Build.0 = Debug|Any CPU
		{031AA6D7-1222-4A2F-B39C-608572FAE4AC}.Release|Any CPU.ActiveCfg = Release|Any CPU
		{031AA6D7-1222-4A2F-B39C-608572FAE4AC}.Release|Any CPU.Build.0 = Release|Any CPU
		{48671462-601C-4974-91C9-13ACE2F75FE2}.Debug|Any CPU.ActiveCfg = Debug|Any CPU
		{48671462-601C-4974-91C9-13ACE2F75FE2}.Debug|Any CPU.Build.0 = Debug|Any CPU
		{48671462-601C-4974-91C9-13ACE2F75FE2}.Release|Any CPU.ActiveCfg = Release|Any CPU
		{48671462-601C-4974-91C9-13ACE2F75FE2}.Release|Any CPU.Build.0 = Release|Any CPU
		{AEDDBC8D-B00E-4703-87B0-0AE628C26054}.Debug|Any CPU.ActiveCfg = Debug|Any CPU
		{AEDDBC8D-B00E-4703-87B0-0AE628C26054}.Debug|Any CPU.Build.0 = Debug|Any CPU
		{AEDDBC8D-B00E-4703-87B0-0AE628C26054}.Release|Any CPU.ActiveCfg = Release|Any CPU
		{AEDDBC8D-B00E-4703-87B0-0AE628C26054}.Release|Any CPU.Build.0 = Release|Any CPU
		{9937DFCE-0B64-4E6C-A45C-A33DC2EF3198}.Debug|Any CPU.ActiveCfg = Debug|Any CPU
		{9937DFCE-0B64-4E6C-A45C-A33DC2EF3198}.Debug|Any CPU.Build.0 = Debug|Any CPU
		{9937DFCE-0B64-4E6C-A45C-A33DC2EF3198}.Release|Any CPU.ActiveCfg = Release|Any CPU
		{9937DFCE-0B64-4E6C-A45C-A33DC2EF3198}.Release|Any CPU.Build.0 = Release|Any CPU
		{3F0C6198-7AE6-488F-8BF9-45376691F924}.Debug|Any CPU.ActiveCfg = Debug|Any CPU
		{3F0C6198-7AE6-488F-8BF9-45376691F924}.Debug|Any CPU.Build.0 = Debug|Any CPU
		{3F0C6198-7AE6-488F-8BF9-45376691F924}.Release|Any CPU.ActiveCfg = Release|Any CPU
		{3F0C6198-7AE6-488F-8BF9-45376691F924}.Release|Any CPU.Build.0 = Release|Any CPU
		{AB535BCC-9C5A-4A83-AC79-E64E3D773F8D}.Debug|Any CPU.ActiveCfg = Debug|Any CPU
		{AB535BCC-9C5A-4A83-AC79-E64E3D773F8D}.Debug|Any CPU.Build.0 = Debug|Any CPU
		{AB535BCC-9C5A-4A83-AC79-E64E3D773F8D}.Release|Any CPU.ActiveCfg = Release|Any CPU
		{AB535BCC-9C5A-4A83-AC79-E64E3D773F8D}.Release|Any CPU.Build.0 = Release|Any CPU
		{B18A957B-650E-42C3-BFA5-ED4A81E02BB0}.Debug|Any CPU.ActiveCfg = Debug|Any CPU
		{B18A957B-650E-42C3-BFA5-ED4A81E02BB0}.Debug|Any CPU.Build.0 = Debug|Any CPU
		{B18A957B-650E-42C3-BFA5-ED4A81E02BB0}.Release|Any CPU.ActiveCfg = Release|Any CPU
		{B18A957B-650E-42C3-BFA5-ED4A81E02BB0}.Release|Any CPU.Build.0 = Release|Any CPU
	EndGlobalSection
	GlobalSection(SolutionProperties) = preSolution
		HideSolutionNode = FALSE
	EndGlobalSection
	GlobalSection(NestedProjects) = preSolution
		{B7942AFC-02B8-4303-B26C-6BA24290D65D} = {8E166561-5EF3-41F0-A70E-E073BC205072}
		{06D11CF5-53B9-4B30-BDCB-0B0D946E180B} = {B7942AFC-02B8-4303-B26C-6BA24290D65D}
		{96CE09C7-5D8D-44F5-BC73-676F4D0C7E3A} = {B7942AFC-02B8-4303-B26C-6BA24290D65D}
		{82766021-C673-4CC6-9B2C-1B725F77A4CA} = {8E166561-5EF3-41F0-A70E-E073BC205072}
		{5F5F2B35-9ED5-410F-83CA-E56ABE4E95E8} = {8E166561-5EF3-41F0-A70E-E073BC205072}
		{EEDC5042-C919-4E9D-93F5-8D9AC1ADFEC7} = {8E166561-5EF3-41F0-A70E-E073BC205072}
		{26F0AAF9-2EFD-40C0-9A14-230A7AEF464C} = {EEDC5042-C919-4E9D-93F5-8D9AC1ADFEC7}
		{3AB75EEE-0834-4036-99B2-59F7D5353250} = {EEDC5042-C919-4E9D-93F5-8D9AC1ADFEC7}
		{02B3AB69-C6B1-4D7D-A33B-A5CAA69450EC} = {EEDC5042-C919-4E9D-93F5-8D9AC1ADFEC7}
		{031AA6D7-1222-4A2F-B39C-608572FAE4AC} = {3AB75EEE-0834-4036-99B2-59F7D5353250}
		{48671462-601C-4974-91C9-13ACE2F75FE2} = {26F0AAF9-2EFD-40C0-9A14-230A7AEF464C}
		{AEDDBC8D-B00E-4703-87B0-0AE628C26054} = {02B3AB69-C6B1-4D7D-A33B-A5CAA69450EC}
		{9937DFCE-0B64-4E6C-A45C-A33DC2EF3198} = {5F5F2B35-9ED5-410F-83CA-E56ABE4E95E8}
		{3F0C6198-7AE6-488F-8BF9-45376691F924} = {82766021-C673-4CC6-9B2C-1B725F77A4CA}
		{AB535BCC-9C5A-4A83-AC79-E64E3D773F8D} = {96CE09C7-5D8D-44F5-BC73-676F4D0C7E3A}
		{B18A957B-650E-42C3-BFA5-ED4A81E02BB0} = {06D11CF5-53B9-4B30-BDCB-0B0D946E180B}
	EndGlobalSection
	GlobalSection(ExtensibilityGlobals) = postSolution
		SolutionGuid = {2C7B6E6C-3B16-4750-8F36-F4C048E253A2}
	EndGlobalSection
EndGlobal
